Microsoft Visual Studio Solution File, Format Version 12.00
# Visual Studio Version 17
VisualStudioVersion = 17.5.2.0
MinimumVisualStudioVersion = 10.0.40219.1
Project("{FAE04EC0-301F-11D3-BF4B-00C04F79EFBC}") = "cs-raycaster", "cs-raycaster.csproj", "{E458C7B1-D112-971F-2673-A2D64D097CB7}"
EndProject
Global
	GlobalSection(SolutionConfigurationPlatforms) = preSolution
		Debug|Any CPU = Debug|Any CPU
		Release|Any CPU = Release|Any CPU
	EndGlobalSection
	GlobalSection(ProjectConfigurationPlatforms) = postSolution
		{E458C7B1-D112-971F-2673-A2D64D097CB7}.Debug|Any CPU.ActiveCfg = Debug|Any CPU
		{E458C7B1-D112-971F-2673-A2D64D097CB7}.Debug|Any CPU.Build.0 = Debug|Any CPU
		{E458C7B1-D112-971F-2673-A2D64D097CB7}.Release|Any CPU.ActiveCfg = Release|Any CPU
		{E458C7B1-D112-971F-2673-A2D64D097CB7}.Release|Any CPU.Build.0 = Release|Any CPU
	EndGlobalSection
	GlobalSection(SolutionProperties) = preSolution
		HideSolutionNode = FALSE
	EndGlobalSection
	GlobalSection(ExtensibilityGlobals) = postSolution
		SolutionGuid = {5BFE3A70-A154-4358-AAC9-CA2153BD6A94}
	EndGlobalSection
EndGlobal
